// !$*UTF8*$!
{
	archiveVersion = 1;
	classes = {
	};
	objectVersion = 55;
	objects = {

/* Begin PBXBuildFile section */
		77E435B52AAF31E700CCB47E /* PublishersViewController.swift in Sources */ = {isa = PBXBuildFile; fileRef = 77E435B42AAF31E700CCB47E /* PublishersViewController.swift */; };
		925960A828CE66BF008305D5 /* CustomSink.swift in Sources */ = {isa = PBXBuildFile; fileRef = 925960A728CE66BF008305D5 /* CustomSink.swift */; };
		9295FC9629853FD2008BA4D0 /* ButtonViewController.swift in Sources */ = {isa = PBXBuildFile; fileRef = 9295FC9429853FD2008BA4D0 /* ButtonViewController.swift */; };
		9295FC9729853FD2008BA4D0 /* ButtonViewController.xib in Resources */ = {isa = PBXBuildFile; fileRef = 9295FC9529853FD2008BA4D0 /* ButtonViewController.xib */; };
		92BB106528B37B4D00C43B06 /* NetworkManager.swift in Sources */ = {isa = PBXBuildFile; fileRef = 92BB106428B37B4D00C43B06 /* NetworkManager.swift */; };
		92BB106728B37DBD00C43B06 /* Todo.swift in Sources */ = {isa = PBXBuildFile; fileRef = 92BB106628B37DBD00C43B06 /* Todo.swift */; };
		92BB591E28B247EB0007D7E4 /* AppDelegate.swift in Sources */ = {isa = PBXBuildFile; fileRef = 92BB591D28B247EB0007D7E4 /* AppDelegate.swift */; };
		92BB592728B247EC0007D7E4 /* Assets.xcassets in Resources */ = {isa = PBXBuildFile; fileRef = 92BB592628B247EC0007D7E4 /* Assets.xcassets */; };
		92BB592A28B247EC0007D7E4 /* LaunchScreen.storyboard in Resources */ = {isa = PBXBuildFile; fileRef = 92BB592828B247EC0007D7E4 /* LaunchScreen.storyboard */; };
		92BB593428B2484B0007D7E4 /* HomeViewController.swift in Sources */ = {isa = PBXBuildFile; fileRef = 92BB593228B2484B0007D7E4 /* HomeViewController.swift */; };
		92BB593528B2484B0007D7E4 /* HomeViewController.xib in Resources */ = {isa = PBXBuildFile; fileRef = 92BB593328B2484B0007D7E4 /* HomeViewController.xib */; };
		92C7A47428D796C4003C76E2 /* TestUIkitViewController.swift in Sources */ = {isa = PBXBuildFile; fileRef = 92C7A47228D796C4003C76E2 /* TestUIkitViewController.swift */; };
		92C7A47528D796C4003C76E2 /* TestUIkitViewController.xib in Resources */ = {isa = PBXBuildFile; fileRef = 92C7A47328D796C4003C76E2 /* TestUIkitViewController.xib */; };
		92C7A47728D7991E003C76E2 /* Combine+.swift in Sources */ = {isa = PBXBuildFile; fileRef = 92C7A47628D7991E003C76E2 /* Combine+.swift */; };
		92C7A47928D7AFF8003C76E2 /* TextField+.swift in Sources */ = {isa = PBXBuildFile; fileRef = 92C7A47828D7AFF8003C76E2 /* TextField+.swift */; };
/* End PBXBuildFile section */

/* Begin PBXFileReference section */
		77E435B42AAF31E700CCB47E /* PublishersViewController.swift */ = {isa = PBXFileReference; lastKnownFileType = sourcecode.swift; path = PublishersViewController.swift; sourceTree = "<group>"; };
		925960A728CE66BF008305D5 /* CustomSink.swift */ = {isa = PBXFileReference; lastKnownFileType = sourcecode.swift; path = CustomSink.swift; sourceTree = "<group>"; };
		9295FC9429853FD2008BA4D0 /* ButtonViewController.swift */ = {isa = PBXFileReference; lastKnownFileType = sourcecode.swift; path = ButtonViewController.swift; sourceTree = "<group>"; };
		9295FC9529853FD2008BA4D0 /* ButtonViewController.xib */ = {isa = PBXFileReference; lastKnownFileType = file.xib; path = ButtonViewController.xib; sourceTree = "<group>"; };
		92BB106428B37B4D00C43B06 /* NetworkManager.swift */ = {isa = PBXFileReference; lastKnownFileType = sourcecode.swift; path = NetworkManager.swift; sourceTree = "<group>"; };
		92BB106628B37DBD00C43B06 /* Todo.swift */ = {isa = PBXFileReference; lastKnownFileType = sourcecode.swift; path = Todo.swift; sourceTree = "<group>"; };
		92BB591A28B247EB0007D7E4 /* PlayWithCombine.app */ = {isa = PBXFileReference; explicitFileType = wrapper.application; includeInIndex = 0; path = PlayWithCombine.app; sourceTree = BUILT_PRODUCTS_DIR; };
		92BB591D28B247EB0007D7E4 /* AppDelegate.swift */ = {isa = PBXFileReference; lastKnownFileType = sourcecode.swift; path = AppDelegate.swift; sourceTree = "<group>"; };
		92BB592628B247EC0007D7E4 /* Assets.xcassets */ = {isa = PBXFileReference; lastKnownFileType = folder.assetcatalog; path = Assets.xcassets; sourceTree = "<group>"; };
		92BB592928B247EC0007D7E4 /* Base */ = {isa = PBXFileReference; lastKnownFileType = file.storyboard; name = Base; path = Base.lproj/LaunchScreen.storyboard; sourceTree = "<group>"; };
		92BB592B28B247EC0007D7E4 /* Info.plist */ = {isa = PBXFileReference; lastKnownFileType = text.plist.xml; path = Info.plist; sourceTree = "<group>"; };
		92BB593228B2484B0007D7E4 /* HomeViewController.swift */ = {isa = PBXFileReference; lastKnownFileType = sourcecode.swift; path = HomeViewController.swift; sourceTree = "<group>"; };
		92BB593328B2484B0007D7E4 /* HomeViewController.xib */ = {isa = PBXFileReference; lastKnownFileType = file.xib; path = HomeViewController.xib; sourceTree = "<group>"; };
		92C7A47228D796C4003C76E2 /* TestUIkitViewController.swift */ = {isa = PBXFileReference; lastKnownFileType = sourcecode.swift; path = TestUIkitViewController.swift; sourceTree = "<group>"; };
		92C7A47328D796C4003C76E2 /* TestUIkitViewController.xib */ = {isa = PBXFileReference; lastKnownFileType = file.xib; path = TestUIkitViewController.xib; sourceTree = "<group>"; };
		92C7A47628D7991E003C76E2 /* Combine+.swift */ = {isa = PBXFileReference; lastKnownFileType = sourcecode.swift; path = "Combine+.swift"; sourceTree = "<group>"; };
		92C7A47828D7AFF8003C76E2 /* TextField+.swift */ = {isa = PBXFileReference; lastKnownFileType = sourcecode.swift; path = "TextField+.swift"; sourceTree = "<group>"; };
/* End PBXFileReference section */

/* Begin PBXFrameworksBuildPhase section */
		92BB591728B247EB0007D7E4 /* Frameworks */ = {
			isa = PBXFrameworksBuildPhase;
			buildActionMask = 2147483647;
			files = (
			);
			runOnlyForDeploymentPostprocessing = 0;
		};
/* End PBXFrameworksBuildPhase section */

/* Begin PBXGroup section */
		92BB591128B247EA0007D7E4 = {
			isa = PBXGroup;
			children = (
				92BB591C28B247EB0007D7E4 /* PlayWithCombine */,
				92BB591B28B247EB0007D7E4 /* Products */,
			);
			sourceTree = "<group>";
		};
		92BB591B28B247EB0007D7E4 /* Products */ = {
			isa = PBXGroup;
			children = (
				92BB591A28B247EB0007D7E4 /* PlayWithCombine.app */,
			);
			name = Products;
			sourceTree = "<group>";
		};
		92BB591C28B247EB0007D7E4 /* PlayWithCombine */ = {
			isa = PBXGroup;
			children = (
				92C7A47128D796AA003C76E2 /* TestUIkit */,
				92BB593128B2483E0007D7E4 /* Home */,
				92BB591D28B247EB0007D7E4 /* AppDelegate.swift */,
				92BB592628B247EC0007D7E4 /* Assets.xcassets */,
				92BB592828B247EC0007D7E4 /* LaunchScreen.storyboard */,
				92BB592B28B247EC0007D7E4 /* Info.plist */,
				925960A728CE66BF008305D5 /* CustomSink.swift */,
				9295FC9429853FD2008BA4D0 /* ButtonViewController.swift */,
				9295FC9529853FD2008BA4D0 /* ButtonViewController.xib */,
				77E435B42AAF31E700CCB47E /* PublishersViewController.swift */,
			);
			path = PlayWithCombine;
			sourceTree = "<group>";
		};
		92BB593128B2483E0007D7E4 /* Home */ = {
			isa = PBXGroup;
			children = (
				92BB593228B2484B0007D7E4 /* HomeViewController.swift */,
				92BB593328B2484B0007D7E4 /* HomeViewController.xib */,
				92BB106428B37B4D00C43B06 /* NetworkManager.swift */,
				92BB106628B37DBD00C43B06 /* Todo.swift */,
			);
			path = Home;
			sourceTree = "<group>";
		};
		92C7A47128D796AA003C76E2 /* TestUIkit */ = {
			isa = PBXGroup;
			children = (
				92C7A47228D796C4003C76E2 /* TestUIkitViewController.swift */,
				92C7A47328D796C4003C76E2 /* TestUIkitViewController.xib */,
				92C7A47628D7991E003C76E2 /* Combine+.swift */,
				92C7A47828D7AFF8003C76E2 /* TextField+.swift */,
			);
			path = TestUIkit;
			sourceTree = "<group>";
		};
/* End PBXGroup section */

/* Begin PBXNativeTarget section */
		92BB591928B247EB0007D7E4 /* PlayWithCombine */ = {
			isa = PBXNativeTarget;
			buildConfigurationList = 92BB592E28B247EC0007D7E4 /* Build configuration list for PBXNativeTarget "PlayWithCombine" */;
			buildPhases = (
				92BB591628B247EB0007D7E4 /* Sources */,
				92BB591728B247EB0007D7E4 /* Frameworks */,
				92BB591828B247EB0007D7E4 /* Resources */,
			);
			buildRules = (
			);
			dependencies = (
			);
			name = PlayWithCombine;
			productName = PlayWithCombine;
			productReference = 92BB591A28B247EB0007D7E4 /* PlayWithCombine.app */;
			productType = "com.apple.product-type.application";
		};
/* End PBXNativeTarget section */

/* Begin PBXProject section */
		92BB591228B247EA0007D7E4 /* Project object */ = {
			isa = PBXProject;
			attributes = {
				BuildIndependentTargetsInParallel = 1;
				LastSwiftUpdateCheck = 1320;
				LastUpgradeCheck = 1320;
				TargetAttributes = {
					92BB591928B247EB0007D7E4 = {
						CreatedOnToolsVersion = 13.2.1;
					};
				};
			};
			buildConfigurationList = 92BB591528B247EA0007D7E4 /* Build configuration list for PBXProject "PlayWithCombine" */;
			compatibilityVersion = "Xcode 13.0";
			developmentRegion = en;
			hasScannedForEncodings = 0;
			knownRegions = (
				en,
				Base,
			);
			mainGroup = 92BB591128B247EA0007D7E4;
			productRefGroup = 92BB591B28B247EB0007D7E4 /* Products */;
			projectDirPath = "";
			projectRoot = "";
			targets = (
				92BB591928B247EB0007D7E4 /* PlayWithCombine */,
			);
		};
/* End PBXProject section */

/* Begin PBXResourcesBuildPhase section */
		92BB591828B247EB0007D7E4 /* Resources */ = {
			isa = PBXResourcesBuildPhase;
			buildActionMask = 2147483647;
			files = (
				92BB592A28B247EC0007D7E4 /* LaunchScreen.storyboard in Resources */,
				9295FC9729853FD2008BA4D0 /* ButtonViewController.xib in Resources */,
				92C7A47528D796C4003C76E2 /* TestUIkitViewController.xib in Resources */,
				92BB592728B247EC0007D7E4 /* Assets.xcassets in Resources */,
				92BB593528B2484B0007D7E4 /* HomeViewController.xib in Resources */,
			);
			runOnlyForDeploymentPostprocessing = 0;
		};
/* End PBXResourcesBuildPhase section */

/* Begin PBXSourcesBuildPhase section */
		92BB591628B247EB0007D7E4 /* Sources */ = {
			isa = PBXSourcesBuildPhase;
			buildActionMask = 2147483647;
			files = (
				925960A828CE66BF008305D5 /* CustomSink.swift in Sources */,
				9295FC9629853FD2008BA4D0 /* ButtonViewController.swift in Sources */,
				92C7A47728D7991E003C76E2 /* Combine+.swift in Sources */,
				92BB106528B37B4D00C43B06 /* NetworkManager.swift in Sources */,
				92BB591E28B247EB0007D7E4 /* AppDelegate.swift in Sources */,
				92BB593428B2484B0007D7E4 /* HomeViewController.swift in Sources */,
				92BB106728B37DBD00C43B06 /* Todo.swift in Sources */,
				92C7A47428D796C4003C76E2 /* TestUIkitViewController.swift in Sources */,
				92C7A47928D7AFF8003C76E2 /* TextField+.swift in Sources */,
				77E435B52AAF31E700CCB47E /* PublishersViewController.swift in Sources */,
			);
			runOnlyForDeploymentPostprocessing = 0;
		};
/* End PBXSourcesBuildPhase section */

/* Begin PBXVariantGroup section */
		92BB592828B247EC0007D7E4 /* LaunchScreen.storyboard */ = {
			isa = PBXVariantGroup;
			children = (
				92BB592928B247EC0007D7E4 /* Base */,
			);
			name = LaunchScreen.storyboard;
			sourceTree = "<group>";
		};
/* End PBXVariantGroup section */

/* Begin XCBuildConfiguration section */
		92BB592C28B247EC0007D7E4 /* Debug */ = {
			isa = XCBuildConfiguration;
			buildSettings = {
				ALWAYS_SEARCH_USER_PATHS = NO;
				CLANG_ANALYZER_NONNULL = YES;
				CLANG_ANALYZER_NUMBER_OBJECT_CONVERSION = YES_AGGRESSIVE;
				CLANG_CXX_LANGUAGE_STANDARD = "gnu++17";
				CLANG_CXX_LIBRARY = "libc++";
				CLANG_ENABLE_MODULES = YES;
				CLANG_ENABLE_OBJC_ARC = YES;
				CLANG_ENABLE_OBJC_WEAK = YES;
				CLANG_WARN_BLOCK_CAPTURE_AUTORELEASING = YES;
				CLANG_WARN_BOOL_CONVERSION = YES;
				CLANG_WARN_COMMA = YES;
				CLANG_WARN_CONSTANT_CONVERSION = YES;
				CLANG_WARN_DEPRECATED_OBJC_IMPLEMENTATIONS = YES;
				CLANG_WARN_DIRECT_OBJC_ISA_USAGE = YES_ERROR;
				CLANG_WARN_DOCUMENTATION_COMMENTS = YES;
				CLANG_WARN_EMPTY_BODY = YES;
				CLANG_WARN_ENUM_CONVERSION = YES;
				CLANG_WARN_INFINITE_RECURSION = YES;
				CLANG_WARN_INT_CONVERSION = YES;
				CLANG_WARN_NON_LITERAL_NULL_CONVERSION = YES;
				CLANG_WARN_OBJC_IMPLICIT_RETAIN_SELF = YES;
				CLANG_WARN_OBJC_LITERAL_CONVERSION = YES;
				CLANG_WARN_OBJC_ROOT_CLASS = YES_ERROR;
				CLANG_WARN_QUOTED_INCLUDE_IN_FRAMEWORK_HEADER = YES;
				CLANG_WARN_RANGE_LOOP_ANALYSIS = YES;
				CLANG_WARN_STRICT_PROTOTYPES = YES;
				CLANG_WARN_SUSPICIOUS_MOVE = YES;
				CLANG_WARN_UNGUARDED_AVAILABILITY = YES_AGGRESSIVE;
				CLANG_WARN_UNREACHABLE_CODE = YES;
				CLANG_WARN__DUPLICATE_METHOD_MATCH = YES;
				COPY_PHASE_STRIP = NO;
				DEBUG_INFORMATION_FORMAT = dwarf;
				ENABLE_STRICT_OBJC_MSGSEND = YES;
				ENABLE_TESTABILITY = YES;
				GCC_C_LANGUAGE_STANDARD = gnu11;
				GCC_DYNAMIC_NO_PIC = NO;
				GCC_NO_COMMON_BLOCKS = YES;
				GCC_OPTIMIZATION_LEVEL = 0;
				GCC_PREPROCESSOR_DEFINITIONS = (
					"DEBUG=1",
					"$(inherited)",
				);
				GCC_WARN_64_TO_32_BIT_CONVERSION = YES;
				GCC_WARN_ABOUT_RETURN_TYPE = YES_ERROR;
				GCC_WARN_UNDECLARED_SELECTOR = YES;
				GCC_WARN_UNINITIALIZED_AUTOS = YES_AGGRESSIVE;
				GCC_WARN_UNUSED_FUNCTION = YES;
				GCC_WARN_UNUSED_VARIABLE = YES;
				IPHONEOS_DEPLOYMENT_TARGET = 14.0;
				MTL_ENABLE_DEBUG_INFO = INCLUDE_SOURCE;
				MTL_FAST_MATH = YES;
				ONLY_ACTIVE_ARCH = YES;
				SDKROOT = iphoneos;
				SWIFT_ACTIVE_COMPILATION_CONDITIONS = DEBUG;
				SWIFT_OPTIMIZATION_LEVEL = "-Onone";
			};
			name = Debug;
		};
		92BB592D28B247EC0007D7E4 /* Release */ = {
			isa = XCBuildConfiguration;
			buildSettings = {
				ALWAYS_SEARCH_USER_PATHS = NO;
				CLANG_ANALYZER_NONNULL = YES;
				CLANG_ANALYZER_NUMBER_OBJECT_CONVERSION = YES_AGGRESSIVE;
				CLANG_CXX_LANGUAGE_STANDARD = "gnu++17";
				CLANG_CXX_LIBRARY = "libc++";
				CLANG_ENABLE_MODULES = YES;
				CLANG_ENABLE_OBJC_ARC = YES;
				CLANG_ENABLE_OBJC_WEAK = YES;
				CLANG_WARN_BLOCK_CAPTURE_AUTORELEASING = YES;
				CLANG_WARN_BOOL_CONVERSION = YES;
				CLANG_WARN_COMMA = YES;
				CLANG_WARN_CONSTANT_CONVERSION = YES;
				CLANG_WARN_DEPRECATED_OBJC_IMPLEMENTATIONS = YES;
				CLANG_WARN_DIRECT_OBJC_ISA_USAGE = YES_ERROR;
				CLANG_WARN_DOCUMENTATION_COMMENTS = YES;
				CLANG_WARN_EMPTY_BODY = YES;
				CLANG_WARN_ENUM_CONVERSION = YES;
				CLANG_WARN_INFINITE_RECURSION = YES;
				CLANG_WARN_INT_CONVERSION = YES;
				CLANG_WARN_NON_LITERAL_NULL_CONVERSION = YES;
				CLANG_WARN_OBJC_IMPLICIT_RETAIN_SELF = YES;
				CLANG_WARN_OBJC_LITERAL_CONVERSION = YES;
				CLANG_WARN_OBJC_ROOT_CLASS = YES_ERROR;
				CLANG_WARN_QUOTED_INCLUDE_IN_FRAMEWORK_HEADER = YES;
				CLANG_WARN_RANGE_LOOP_ANALYSIS = YES;
				CLANG_WARN_STRICT_PROTOTYPES = YES;
				CLANG_WARN_SUSPICIOUS_MOVE = YES;
				CLANG_WARN_UNGUARDED_AVAILABILITY = YES_AGGRESSIVE;
				CLANG_WARN_UNREACHABLE_CODE = YES;
				CLANG_WARN__DUPLICATE_METHOD_MATCH = YES;
				COPY_PHASE_STRIP = NO;
				DEBUG_INFORMATION_FORMAT = "dwarf-with-dsym";
				ENABLE_NS_ASSERTIONS = NO;
				ENABLE_STRICT_OBJC_MSGSEND = YES;
				GCC_C_LANGUAGE_STANDARD = gnu11;
				GCC_NO_COMMON_BLOCKS = YES;
				GCC_WARN_64_TO_32_BIT_CONVERSION = YES;
				GCC_WARN_ABOUT_RETURN_TYPE = YES_ERROR;
				GCC_WARN_UNDECLARED_SELECTOR = YES;
				GCC_WARN_UNINITIALIZED_AUTOS = YES_AGGRESSIVE;
				GCC_WARN_UNUSED_FUNCTION = YES;
				GCC_WARN_UNUSED_VARIABLE = YES;
				IPHONEOS_DEPLOYMENT_TARGET = 14.0;
				MTL_ENABLE_DEBUG_INFO = NO;
				MTL_FAST_MATH = YES;
				SDKROOT = iphoneos;
				SWIFT_COMPILATION_MODE = wholemodule;
				SWIFT_OPTIMIZATION_LEVEL = "-O";
				VALIDATE_PRODUCT = YES;
			};
			name = Release;
		};
		92BB592F28B247EC0007D7E4 /* Debug */ = {
			isa = XCBuildConfiguration;
			buildSettings = {
				ASSETCATALOG_COMPILER_APPICON_NAME = AppIcon;
				ASSETCATALOG_COMPILER_GLOBAL_ACCENT_COLOR_NAME = AccentColor;
				CODE_SIGN_STYLE = Automatic;
				CURRENT_PROJECT_VERSION = 1;
				DEVELOPMENT_TEAM = B8J56NYW84;
				GENERATE_INFOPLIST_FILE = YES;
				INFOPLIST_FILE = PlayWithCombine/Info.plist;
				INFOPLIST_KEY_UIApplicationSupportsIndirectInputEvents = YES;
				INFOPLIST_KEY_UILaunchStoryboardName = LaunchScreen;
				INFOPLIST_KEY_UISupportedInterfaceOrientations_iPad = "UIInterfaceOrientationPortrait UIInterfaceOrientationPortraitUpsideDown UIInterfaceOrientationLandscapeLeft UIInterfaceOrientationLandscapeRight";
				INFOPLIST_KEY_UISupportedInterfaceOrientations_iPhone = "UIInterfaceOrientationPortrait UIInterfaceOrientationLandscapeLeft UIInterfaceOrientationLandscapeRight";
				LD_RUNPATH_SEARCH_PATHS = (
					"$(inherited)",
					"@executable_path/Frameworks",
				);
				MARKETING_VERSION = 1.0;
				PRODUCT_BUNDLE_IDENTIFIER = Ahmed.PlayWithCombine;
				PRODUCT_NAME = "$(TARGET_NAME)";
				SWIFT_EMIT_LOC_STRINGS = YES;
				SWIFT_VERSION = 5.0;
				TARGETED_DEVICE_FAMILY = 1;
			};
			name = Debug;
		};
		92BB593028B247EC0007D7E4 /* Release */ = {
			isa = XCBuildConfiguration;
			buildSettings = {
				ASSETCATALOG_COMPILER_APPICON_NAME = AppIcon;
				ASSETCATALOG_COMPILER_GLOBAL_ACCENT_COLOR_NAME = AccentColor;
				CODE_SIGN_STYLE = Automatic;
				CURRENT_PROJECT_VERSION = 1;
				DEVELOPMENT_TEAM = B8J56NYW84;
				GENERATE_INFOPLIST_FILE = YES;
				INFOPLIST_FILE = PlayWithCombine/Info.plist;
				INFOPLIST_KEY_UIApplicationSupportsIndirectInputEvents = YES;
				INFOPLIST_KEY_UILaunchStoryboardName = LaunchScreen;
				INFOPLIST_KEY_UISupportedInterfaceOrientations_iPad = "UIInterfaceOrientationPortrait UIInterfaceOrientationPortraitUpsideDown UIInterfaceOrientationLandscapeLeft UIInterfaceOrientationLandscapeRight";
				INFOPLIST_KEY_UISupportedInterfaceOrientations_iPhone = "UIInterfaceOrientationPortrait UIInterfaceOrientationLandscapeLeft UIInterfaceOrientationLandscapeRight";
				LD_RUNPATH_SEARCH_PATHS = (
					"$(inherited)",
					"@executable_path/Frameworks",
				);
				MARKETING_VERSION = 1.0;
				PRODUCT_BUNDLE_IDENTIFIER = Ahmed.PlayWithCombine;
				PRODUCT_NAME = "$(TARGET_NAME)";
				SWIFT_EMIT_LOC_STRINGS = YES;
				SWIFT_VERSION = 5.0;
				TARGETED_DEVICE_FAMILY = 1;
			};
			name = Release;
		};
/* End XCBuildConfiguration section */

/* Begin XCConfigurationList section */
		92BB591528B247EA0007D7E4 /* Build configuration list for PBXProject "PlayWithCombine" */ = {
			isa = XCConfigurationList;
			buildConfigurations = (
				92BB592C28B247EC0007D7E4 /* Debug */,
				92BB592D28B247EC0007D7E4 /* Release */,
			);
			defaultConfigurationIsVisible = 0;
			defaultConfigurationName = Release;
		};
		92BB592E28B247EC0007D7E4 /* Build configuration list for PBXNativeTarget "PlayWithCombine" */ = {
			isa = XCConfigurationList;
			buildConfigurations = (
				92BB592F28B247EC0007D7E4 /* Debug */,
				92BB593028B247EC0007D7E4 /* Release */,
			);
			defaultConfigurationIsVisible = 0;
			defaultConfigurationName = Release;
		};
/* End XCConfigurationList section */
	};
	rootObject = 92BB591228B247EA0007D7E4 /* Project object */;
}
