// !$*UTF8*$!
{
	archiveVersion = 1;
	classes = {
	};
	objectVersion = 55;
	objects = {

/* Begin PBXBuildFile section */
		927DF8CD2794216700FBEA89 /* AppDelegate.swift in Sources */ = {isa = PBXBuildFile; fileRef = 927DF8CC2794216700FBEA89 /* AppDelegate.swift */; };
		927DF8D62794216900FBEA89 /* Assets.xcassets in Resources */ = {isa = PBXBuildFile; fileRef = 927DF8D52794216900FBEA89 /* Assets.xcassets */; };
		927DF8D92794216900FBEA89 /* LaunchScreen.storyboard in Resources */ = {isa = PBXBuildFile; fileRef = 927DF8D72794216900FBEA89 /* LaunchScreen.storyboard */; };
		927DF8E42794216900FBEA89 /* TestTextFiledsTests.swift in Sources */ = {isa = PBXBuildFile; fileRef = 927DF8E32794216900FBEA89 /* TestTextFiledsTests.swift */; };
		927DF8FE279421C700FBEA89 /* HomeViewController.swift in Sources */ = {isa = PBXBuildFile; fileRef = 927DF8FC279421C700FBEA89 /* HomeViewController.swift */; };
		927DF8FF279421C700FBEA89 /* HomeViewController.xib in Resources */ = {isa = PBXBuildFile; fileRef = 927DF8FD279421C700FBEA89 /* HomeViewController.xib */; };
		927DF90127943E3400FBEA89 /* MyClass.swift in Sources */ = {isa = PBXBuildFile; fileRef = 927DF90027943E3400FBEA89 /* MyClass.swift */; };
		927DF90327943F6500FBEA89 /* MyClassTests.swift in Sources */ = {isa = PBXBuildFile; fileRef = 927DF90227943F6500FBEA89 /* MyClassTests.swift */; };
/* End PBXBuildFile section */

/* Begin PBXContainerItemProxy section */
		927DF8E02794216900FBEA89 /* PBXContainerItemProxy */ = {
			isa = PBXContainerItemProxy;
			containerPortal = 927DF8C12794216700FBEA89 /* Project object */;
			proxyType = 1;
			remoteGlobalIDString = 927DF8C82794216700FBEA89;
			remoteInfo = TestTextFileds;
		};
/* End PBXContainerItemProxy section */

/* Begin PBXFileReference section */
		927DF8C92794216700FBEA89 /* TestTextFileds.app */ = {isa = PBXFileReference; explicitFileType = wrapper.application; includeInIndex = 0; path = TestTextFileds.app; sourceTree = BUILT_PRODUCTS_DIR; };
		927DF8CC2794216700FBEA89 /* AppDelegate.swift */ = {isa = PBXFileReference; lastKnownFileType = sourcecode.swift; path = AppDelegate.swift; sourceTree = "<group>"; };
		927DF8D52794216900FBEA89 /* Assets.xcassets */ = {isa = PBXFileReference; lastKnownFileType = folder.assetcatalog; path = Assets.xcassets; sourceTree = "<group>"; };
		927DF8D82794216900FBEA89 /* Base */ = {isa = PBXFileReference; lastKnownFileType = file.storyboard; name = Base; path = Base.lproj/LaunchScreen.storyboard; sourceTree = "<group>"; };
		927DF8DA2794216900FBEA89 /* Info.plist */ = {isa = PBXFileReference; lastKnownFileType = text.plist.xml; path = Info.plist; sourceTree = "<group>"; };
		927DF8DF2794216900FBEA89 /* TestTextFiledsTests.xctest */ = {isa = PBXFileReference; explicitFileType = wrapper.cfbundle; includeInIndex = 0; path = TestTextFiledsTests.xctest; sourceTree = BUILT_PRODUCTS_DIR; };
		927DF8E32794216900FBEA89 /* TestTextFiledsTests.swift */ = {isa = PBXFileReference; lastKnownFileType = sourcecode.swift; path = TestTextFiledsTests.swift; sourceTree = "<group>"; };
		927DF8FC279421C700FBEA89 /* HomeViewController.swift */ = {isa = PBXFileReference; lastKnownFileType = sourcecode.swift; path = HomeViewController.swift; sourceTree = "<group>"; };
		927DF8FD279421C700FBEA89 /* HomeViewController.xib */ = {isa = PBXFileReference; lastKnownFileType = file.xib; path = HomeViewController.xib; sourceTree = "<group>"; };
		927DF90027943E3400FBEA89 /* MyClass.swift */ = {isa = PBXFileReference; lastKnownFileType = sourcecode.swift; path = MyClass.swift; sourceTree = "<group>"; };
		927DF90227943F6500FBEA89 /* MyClassTests.swift */ = {isa = PBXFileReference; lastKnownFileType = sourcecode.swift; path = MyClassTests.swift; sourceTree = "<group>"; };
/* End PBXFileReference section */

/* Begin PBXFrameworksBuildPhase section */
		927DF8C62794216700FBEA89 /* Frameworks */ = {
			isa = PBXFrameworksBuildPhase;
			buildActionMask = 2147483647;
			files = (
			);
			runOnlyForDeploymentPostprocessing = 0;
		};
		927DF8DC2794216900FBEA89 /* Frameworks */ = {
			isa = PBXFrameworksBuildPhase;
			buildActionMask = 2147483647;
			files = (
			);
			runOnlyForDeploymentPostprocessing = 0;
		};
/* End PBXFrameworksBuildPhase section */

/* Begin PBXGroup section */
		927DF8C02794216700FBEA89 = {
			isa = PBXGroup;
			children = (
				927DF8CB2794216700FBEA89 /* TestTextFileds */,
				927DF8E22794216900FBEA89 /* TestTextFiledsTests */,
				927DF8CA2794216700FBEA89 /* Products */,
			);
			sourceTree = "<group>";
		};
		927DF8CA2794216700FBEA89 /* Products */ = {
			isa = PBXGroup;
			children = (
				927DF8C92794216700FBEA89 /* TestTextFileds.app */,
				927DF8DF2794216900FBEA89 /* TestTextFiledsTests.xctest */,
			);
			name = Products;
			sourceTree = "<group>";
		};
		927DF8CB2794216700FBEA89 /* TestTextFileds */ = {
			isa = PBXGroup;
			children = (
				927DF8CC2794216700FBEA89 /* AppDelegate.swift */,
				927DF8D52794216900FBEA89 /* Assets.xcassets */,
				927DF8D72794216900FBEA89 /* LaunchScreen.storyboard */,
				927DF8DA2794216900FBEA89 /* Info.plist */,
				927DF8FC279421C700FBEA89 /* HomeViewController.swift */,
				927DF8FD279421C700FBEA89 /* HomeViewController.xib */,
				927DF90027943E3400FBEA89 /* MyClass.swift */,
			);
			path = TestTextFileds;
			sourceTree = "<group>";
		};
		927DF8E22794216900FBEA89 /* TestTextFiledsTests */ = {
			isa = PBXGroup;
			children = (
				927DF8E32794216900FBEA89 /* TestTextFiledsTests.swift */,
				927DF90227943F6500FBEA89 /* MyClassTests.swift */,
			);
			path = TestTextFiledsTests;
			sourceTree = "<group>";
		};
/* End PBXGroup section */

/* Begin PBXNativeTarget section */
		927DF8C82794216700FBEA89 /* TestTextFileds */ = {
			isa = PBXNativeTarget;
			buildConfigurationList = 927DF8F32794216900FBEA89 /* Build configuration list for PBXNativeTarget "TestTextFileds" */;
			buildPhases = (
				927DF8C52794216700FBEA89 /* Sources */,
				927DF8C62794216700FBEA89 /* Frameworks */,
				927DF8C72794216700FBEA89 /* Resources */,
			);
			buildRules = (
			);
			dependencies = (
			);
			name = TestTextFileds;
			productName = TestTextFileds;
			productReference = 927DF8C92794216700FBEA89 /* TestTextFileds.app */;
			productType = "com.apple.product-type.application";
		};
		927DF8DE2794216900FBEA89 /* TestTextFiledsTests */ = {
			isa = PBXNativeTarget;
			buildConfigurationList = 927DF8F62794216900FBEA89 /* Build configuration list for PBXNativeTarget "TestTextFiledsTests" */;
			buildPhases = (
				927DF8DB2794216900FBEA89 /* Sources */,
				927DF8DC2794216900FBEA89 /* Frameworks */,
				927DF8DD2794216900FBEA89 /* Resources */,
			);
			buildRules = (
			);
			dependencies = (
				927DF8E12794216900FBEA89 /* PBXTargetDependency */,
			);
			name = TestTextFiledsTests;
			productName = TestTextFiledsTests;
			productReference = 927DF8DF2794216900FBEA89 /* TestTextFiledsTests.xctest */;
			productType = "com.apple.product-type.bundle.unit-test";
		};
/* End PBXNativeTarget section */

/* Begin PBXProject section */
		927DF8C12794216700FBEA89 /* Project object */ = {
			isa = PBXProject;
			attributes = {
				BuildIndependentTargetsInParallel = 1;
				LastSwiftUpdateCheck = 1320;
				LastUpgradeCheck = 1320;
				TargetAttributes = {
					927DF8C82794216700FBEA89 = {
						CreatedOnToolsVersion = 13.2;
					};
					927DF8DE2794216900FBEA89 = {
						CreatedOnToolsVersion = 13.2;
						TestTargetID = 927DF8C82794216700FBEA89;
					};
				};
			};
			buildConfigurationList = 927DF8C42794216700FBEA89 /* Build configuration list for PBXProject "TestTextFileds" */;
			compatibilityVersion = "Xcode 13.0";
			developmentRegion = en;
			hasScannedForEncodings = 0;
			knownRegions = (
				en,
				Base,
			);
			mainGroup = 927DF8C02794216700FBEA89;
			productRefGroup = 927DF8CA2794216700FBEA89 /* Products */;
			projectDirPath = "";
			projectRoot = "";
			targets = (
				927DF8C82794216700FBEA89 /* TestTextFileds */,
				927DF8DE2794216900FBEA89 /* TestTextFiledsTests */,
			);
		};
/* End PBXProject section */

/* Begin PBXResourcesBuildPhase section */
		927DF8C72794216700FBEA89 /* Resources */ = {
			isa = PBXResourcesBuildPhase;
			buildActionMask = 2147483647;
			files = (
				927DF8D92794216900FBEA89 /* LaunchScreen.storyboard in Resources */,
				927DF8D62794216900FBEA89 /* Assets.xcassets in Resources */,
				927DF8FF279421C700FBEA89 /* HomeViewController.xib in Resources */,
			);
			runOnlyForDeploymentPostprocessing = 0;
		};
		927DF8DD2794216900FBEA89 /* Resources */ = {
			isa = PBXResourcesBuildPhase;
			buildActionMask = 2147483647;
			files = (
			);
			runOnlyForDeploymentPostprocessing = 0;
		};
/* End PBXResourcesBuildPhase section */

/* Begin PBXSourcesBuildPhase section */
		927DF8C52794216700FBEA89 /* Sources */ = {
			isa = PBXSourcesBuildPhase;
			buildActionMask = 2147483647;
			files = (
				927DF8CD2794216700FBEA89 /* AppDelegate.swift in Sources */,
				927DF8FE279421C700FBEA89 /* HomeViewController.swift in Sources */,
				927DF90127943E3400FBEA89 /* MyClass.swift in Sources */,
			);
			runOnlyForDeploymentPostprocessing = 0;
		};
		927DF8DB2794216900FBEA89 /* Sources */ = {
			isa = PBXSourcesBuildPhase;
			buildActionMask = 2147483647;
			files = (
				927DF90327943F6500FBEA89 /* MyClassTests.swift in Sources */,
				927DF8E42794216900FBEA89 /* TestTextFiledsTests.swift in Sources */,
			);
			runOnlyForDeploymentPostprocessing = 0;
		};
/* End PBXSourcesBuildPhase section */

/* Begin PBXTargetDependency section */
		927DF8E12794216900FBEA89 /* PBXTargetDependency */ = {
			isa = PBXTargetDependency;
			target = 927DF8C82794216700FBEA89 /* TestTextFileds */;
			targetProxy = 927DF8E02794216900FBEA89 /* PBXContainerItemProxy */;
		};
/* End PBXTargetDependency section */

/* Begin PBXVariantGroup section */
		927DF8D72794216900FBEA89 /* LaunchScreen.storyboard */ = {
			isa = PBXVariantGroup;
			children = (
				927DF8D82794216900FBEA89 /* Base */,
			);
			name = LaunchScreen.storyboard;
			sourceTree = "<group>";
		};
/* End PBXVariantGroup section */

/* Begin XCBuildConfiguration section */
		927DF8F12794216900FBEA89 /* Debug */ = {
			isa = XCBuildConfiguration;
			buildSettings = {
				ALWAYS_SEARCH_USER_PATHS = NO;
				CLANG_ANALYZER_NONNULL = YES;
				CLANG_ANALYZER_NUMBER_OBJECT_CONVERSION = YES_AGGRESSIVE;
				CLANG_CXX_LANGUAGE_STANDARD = "gnu++17";
				CLANG_CXX_LIBRARY = "libc++";
				CLANG_ENABLE_MODULES = YES;
				CLANG_ENABLE_OBJC_ARC = YES;
				CLANG_ENABLE_OBJC_WEAK = YES;
				CLANG_WARN_BLOCK_CAPTURE_AUTORELEASING = YES;
				CLANG_WARN_BOOL_CONVERSION = YES;
				CLANG_WARN_COMMA = YES;
				CLANG_WARN_CONSTANT_CONVERSION = YES;
				CLANG_WARN_DEPRECATED_OBJC_IMPLEMENTATIONS = YES;
				CLANG_WARN_DIRECT_OBJC_ISA_USAGE = YES_ERROR;
				CLANG_WARN_DOCUMENTATION_COMMENTS = YES;
				CLANG_WARN_EMPTY_BODY = YES;
				CLANG_WARN_ENUM_CONVERSION = YES;
				CLANG_WARN_INFINITE_RECURSION = YES;
				CLANG_WARN_INT_CONVERSION = YES;
				CLANG_WARN_NON_LITERAL_NULL_CONVERSION = YES;
				CLANG_WARN_OBJC_IMPLICIT_RETAIN_SELF = YES;
				CLANG_WARN_OBJC_LITERAL_CONVERSION = YES;
				CLANG_WARN_OBJC_ROOT_CLASS = YES_ERROR;
				CLANG_WARN_QUOTED_INCLUDE_IN_FRAMEWORK_HEADER = YES;
				CLANG_WARN_RANGE_LOOP_ANALYSIS = YES;
				CLANG_WARN_STRICT_PROTOTYPES = YES;
				CLANG_WARN_SUSPICIOUS_MOVE = YES;
				CLANG_WARN_UNGUARDED_AVAILABILITY = YES_AGGRESSIVE;
				CLANG_WARN_UNREACHABLE_CODE = YES;
				CLANG_WARN__DUPLICATE_METHOD_MATCH = YES;
				COPY_PHASE_STRIP = NO;
				DEBUG_INFORMATION_FORMAT = dwarf;
				ENABLE_STRICT_OBJC_MSGSEND = YES;
				ENABLE_TESTABILITY = YES;
				GCC_C_LANGUAGE_STANDARD = gnu11;
				GCC_DYNAMIC_NO_PIC = NO;
				GCC_NO_COMMON_BLOCKS = YES;
				GCC_OPTIMIZATION_LEVEL = 0;
				GCC_PREPROCESSOR_DEFINITIONS = (
					"DEBUG=1",
					"$(inherited)",
				);
				GCC_WARN_64_TO_32_BIT_CONVERSION = YES;
				GCC_WARN_ABOUT_RETURN_TYPE = YES_ERROR;
				GCC_WARN_UNDECLARED_SELECTOR = YES;
				GCC_WARN_UNINITIALIZED_AUTOS = YES_AGGRESSIVE;
				GCC_WARN_UNUSED_FUNCTION = YES;
				GCC_WARN_UNUSED_VARIABLE = YES;
				IPHONEOS_DEPLOYMENT_TARGET = 15.2;
				MTL_ENABLE_DEBUG_INFO = INCLUDE_SOURCE;
				MTL_FAST_MATH = YES;
				ONLY_ACTIVE_ARCH = YES;
				SDKROOT = iphoneos;
				SWIFT_ACTIVE_COMPILATION_CONDITIONS = DEBUG;
				SWIFT_OPTIMIZATION_LEVEL = "-Onone";
			};
			name = Debug;
		};
		927DF8F22794216900FBEA89 /* Release */ = {
			isa = XCBuildConfiguration;
			buildSettings = {
				ALWAYS_SEARCH_USER_PATHS = NO;
				CLANG_ANALYZER_NONNULL = YES;
				CLANG_ANALYZER_NUMBER_OBJECT_CONVERSION = YES_AGGRESSIVE;
				CLANG_CXX_LANGUAGE_STANDARD = "gnu++17";
				CLANG_CXX_LIBRARY = "libc++";
				CLANG_ENABLE_MODULES = YES;
				CLANG_ENABLE_OBJC_ARC = YES;
				CLANG_ENABLE_OBJC_WEAK = YES;
				CLANG_WARN_BLOCK_CAPTURE_AUTORELEASING = YES;
				CLANG_WARN_BOOL_CONVERSION = YES;
				CLANG_WARN_COMMA = YES;
				CLANG_WARN_CONSTANT_CONVERSION = YES;
				CLANG_WARN_DEPRECATED_OBJC_IMPLEMENTATIONS = YES;
				CLANG_WARN_DIRECT_OBJC_ISA_USAGE = YES_ERROR;
				CLANG_WARN_DOCUMENTATION_COMMENTS = YES;
				CLANG_WARN_EMPTY_BODY = YES;
				CLANG_WARN_ENUM_CONVERSION = YES;
				CLANG_WARN_INFINITE_RECURSION = YES;
				CLANG_WARN_INT_CONVERSION = YES;
				CLANG_WARN_NON_LITERAL_NULL_CONVERSION = YES;
				CLANG_WARN_OBJC_IMPLICIT_RETAIN_SELF = YES;
				CLANG_WARN_OBJC_LITERAL_CONVERSION = YES;
				CLANG_WARN_OBJC_ROOT_CLASS = YES_ERROR;
				CLANG_WARN_QUOTED_INCLUDE_IN_FRAMEWORK_HEADER = YES;
				CLANG_WARN_RANGE_LOOP_ANALYSIS = YES;
				CLANG_WARN_STRICT_PROTOTYPES = YES;
				CLANG_WARN_SUSPICIOUS_MOVE = YES;
				CLANG_WARN_UNGUARDED_AVAILABILITY = YES_AGGRESSIVE;
				CLANG_WARN_UNREACHABLE_CODE = YES;
				CLANG_WARN__DUPLICATE_METHOD_MATCH = YES;
				COPY_PHASE_STRIP = NO;
				DEBUG_INFORMATION_FORMAT = "dwarf-with-dsym";
				ENABLE_NS_ASSERTIONS = NO;
				ENABLE_STRICT_OBJC_MSGSEND = YES;
				GCC_C_LANGUAGE_STANDARD = gnu11;
				GCC_NO_COMMON_BLOCKS = YES;
				GCC_WARN_64_TO_32_BIT_CONVERSION = YES;
				GCC_WARN_ABOUT_RETURN_TYPE = YES_ERROR;
				GCC_WARN_UNDECLARED_SELECTOR = YES;
				GCC_WARN_UNINITIALIZED_AUTOS = YES_AGGRESSIVE;
				GCC_WARN_UNUSED_FUNCTION = YES;
				GCC_WARN_UNUSED_VARIABLE = YES;
				IPHONEOS_DEPLOYMENT_TARGET = 15.2;
				MTL_ENABLE_DEBUG_INFO = NO;
				MTL_FAST_MATH = YES;
				SDKROOT = iphoneos;
				SWIFT_COMPILATION_MODE = wholemodule;
				SWIFT_OPTIMIZATION_LEVEL = "-O";
				VALIDATE_PRODUCT = YES;
			};
			name = Release;
		};
		927DF8F42794216900FBEA89 /* Debug */ = {
			isa = XCBuildConfiguration;
			buildSettings = {
				ASSETCATALOG_COMPILER_APPICON_NAME = AppIcon;
				ASSETCATALOG_COMPILER_GLOBAL_ACCENT_COLOR_NAME = AccentColor;
				CODE_SIGN_STYLE = Automatic;
				CURRENT_PROJECT_VERSION = 1;
				DEVELOPMENT_TEAM = B8J56NYW84;
				GENERATE_INFOPLIST_FILE = YES;
				INFOPLIST_FILE = TestTextFileds/Info.plist;
				INFOPLIST_KEY_UIApplicationSupportsIndirectInputEvents = YES;
				INFOPLIST_KEY_UILaunchStoryboardName = LaunchScreen;
				INFOPLIST_KEY_UISupportedInterfaceOrientations_iPad = "UIInterfaceOrientationPortrait UIInterfaceOrientationPortraitUpsideDown UIInterfaceOrientationLandscapeLeft UIInterfaceOrientationLandscapeRight";
				INFOPLIST_KEY_UISupportedInterfaceOrientations_iPhone = "UIInterfaceOrientationPortrait UIInterfaceOrientationLandscapeLeft UIInterfaceOrientationLandscapeRight";
				LD_RUNPATH_SEARCH_PATHS = (
					"$(inherited)",
					"@executable_path/Frameworks",
				);
				MARKETING_VERSION = 1.0;
				PRODUCT_BUNDLE_IDENTIFIER = Ahmed.TestTextFileds;
				PRODUCT_NAME = "$(TARGET_NAME)";
				SWIFT_EMIT_LOC_STRINGS = YES;
				SWIFT_VERSION = 5.0;
				TARGETED_DEVICE_FAMILY = 1;
			};
			name = Debug;
		};
		927DF8F52794216900FBEA89 /* Release */ = {
			isa = XCBuildConfiguration;
			buildSettings = {
				ASSETCATALOG_COMPILER_APPICON_NAME = AppIcon;
				ASSETCATALOG_COMPILER_GLOBAL_ACCENT_COLOR_NAME = AccentColor;
				CODE_SIGN_STYLE = Automatic;
				CURRENT_PROJECT_VERSION = 1;
				DEVELOPMENT_TEAM = B8J56NYW84;
				GENERATE_INFOPLIST_FILE = YES;
				INFOPLIST_FILE = TestTextFileds/Info.plist;
				INFOPLIST_KEY_UIApplicationSupportsIndirectInputEvents = YES;
				INFOPLIST_KEY_UILaunchStoryboardName = LaunchScreen;
				INFOPLIST_KEY_UISupportedInterfaceOrientations_iPad = "UIInterfaceOrientationPortrait UIInterfaceOrientationPortraitUpsideDown UIInterfaceOrientationLandscapeLeft UIInterfaceOrientationLandscapeRight";
				INFOPLIST_KEY_UISupportedInterfaceOrientations_iPhone = "UIInterfaceOrientationPortrait UIInterfaceOrientationLandscapeLeft UIInterfaceOrientationLandscapeRight";
				LD_RUNPATH_SEARCH_PATHS = (
					"$(inherited)",
					"@executable_path/Frameworks",
				);
				MARKETING_VERSION = 1.0;
				PRODUCT_BUNDLE_IDENTIFIER = Ahmed.TestTextFileds;
				PRODUCT_NAME = "$(TARGET_NAME)";
				SWIFT_EMIT_LOC_STRINGS = YES;
				SWIFT_VERSION = 5.0;
				TARGETED_DEVICE_FAMILY = 1;
			};
			name = Release;
		};
		927DF8F72794216900FBEA89 /* Debug */ = {
			isa = XCBuildConfiguration;
			buildSettings = {
				ALWAYS_EMBED_SWIFT_STANDARD_LIBRARIES = YES;
				BUNDLE_LOADER = "$(TEST_HOST)";
				CODE_SIGN_STYLE = Automatic;
				CURRENT_PROJECT_VERSION = 1;
				DEVELOPMENT_TEAM = B8J56NYW84;
				GENERATE_INFOPLIST_FILE = YES;
				IPHONEOS_DEPLOYMENT_TARGET = 15.2;
				MARKETING_VERSION = 1.0;
				PRODUCT_BUNDLE_IDENTIFIER = Ahmed.TestTextFiledsTests;
				PRODUCT_NAME = "$(TARGET_NAME)";
				SWIFT_EMIT_LOC_STRINGS = NO;
				SWIFT_VERSION = 5.0;
				TARGETED_DEVICE_FAMILY = "1,2";
				TEST_HOST = "$(BUILT_PRODUCTS_DIR)/TestTextFileds.app/TestTextFileds";
			};
			name = Debug;
		};
		927DF8F82794216900FBEA89 /* Release */ = {
			isa = XCBuildConfiguration;
			buildSettings = {
				ALWAYS_EMBED_SWIFT_STANDARD_LIBRARIES = YES;
				BUNDLE_LOADER = "$(TEST_HOST)";
				CODE_SIGN_STYLE = Automatic;
				CURRENT_PROJECT_VERSION = 1;
				DEVELOPMENT_TEAM = B8J56NYW84;
				GENERATE_INFOPLIST_FILE = YES;
				IPHONEOS_DEPLOYMENT_TARGET = 15.2;
				MARKETING_VERSION = 1.0;
				PRODUCT_BUNDLE_IDENTIFIER = Ahmed.TestTextFiledsTests;
				PRODUCT_NAME = "$(TARGET_NAME)";
				SWIFT_EMIT_LOC_STRINGS = NO;
				SWIFT_VERSION = 5.0;
				TARGETED_DEVICE_FAMILY = "1,2";
				TEST_HOST = "$(BUILT_PRODUCTS_DIR)/TestTextFileds.app/TestTextFileds";
			};
			name = Release;
		};
/* End XCBuildConfiguration section */

/* Begin XCConfigurationList section */
		927DF8C42794216700FBEA89 /* Build configuration list for PBXProject "TestTextFileds" */ = {
			isa = XCConfigurationList;
			buildConfigurations = (
				927DF8F12794216900FBEA89 /* Debug */,
				927DF8F22794216900FBEA89 /* Release */,
			);
			defaultConfigurationIsVisible = 0;
			defaultConfigurationName = Release;
		};
		927DF8F32794216900FBEA89 /* Build configuration list for PBXNativeTarget "TestTextFileds" */ = {
			isa = XCConfigurationList;
			buildConfigurations = (
				927DF8F42794216900FBEA89 /* Debug */,
				927DF8F52794216900FBEA89 /* Release */,
			);
			defaultConfigurationIsVisible = 0;
			defaultConfigurationName = Release;
		};
		927DF8F62794216900FBEA89 /* Build configuration list for PBXNativeTarget "TestTextFiledsTests" */ = {
			isa = XCConfigurationList;
			buildConfigurations = (
				927DF8F72794216900FBEA89 /* Debug */,
				927DF8F82794216900FBEA89 /* Release */,
			);
			defaultConfigurationIsVisible = 0;
			defaultConfigurationName = Release;
		};
/* End XCConfigurationList section */
	};
	rootObject = 927DF8C12794216700FBEA89 /* Project object */;
}
